
Microsoft Visual Studio Solution File, Format Version 12.00
# Visual Studio 15
Project("{FAE04EC0-301F-11D3-BF4B-00C04F79EFBC}") = "Test", "Test\Test.csproj", "{70FE02A1-7D1A-4ECF-9069-388B031195F4}"
EndProject
Global
	GlobalSection(SolutionConfigurationPlatforms) = preSolution
		Debug|anycpu = Debug|anycpu
		Release|anycpu = Release|anycpu
	EndGlobalSection
	GlobalSection(ProjectConfigurationPlatforms) = postSolution
		{70FE02A1-7D1A-4ECF-9069-388B031195F4}.Debug|anycpu.ActiveCfg = Debug|anycpu
		{70FE02A1-7D1A-4ECF-9069-388B031195F4}.Debug|anycpu.Build.0 = Debug|anycpu
		{70FE02A1-7D1A-4ECF-9069-388B031195F4}.Release|anycpu.ActiveCfg = Release|anycpu
		{70FE02A1-7D1A-4ECF-9069-388B031195F4}.Release|anycpu.Build.0 = Release|anycpu
	EndGlobalSection
EndGlobal
